// !$*UTF8*$!
{
	archiveVersion = 1;
	classes = {
	};
	objectVersion = 56;
	objects = {

/* Begin PBXBuildFile section */
		96AA4BCA2DAFA0E2008DD735 /* LoginCredentialsEntity.swift in Sources */ = {isa = PBXBuildFile; fileRef = 96AA4BC92DAFA0DD008DD735 /* LoginCredentialsEntity.swift */; };
		96AA4BCC2DAFA0EC008DD735 /* LoginInteractor.swift in Sources */ = {isa = PBXBuildFile; fileRef = 96AA4BCB2DAFA0EB008DD735 /* LoginInteractor.swift */; };
		96AA4BCE2DAFA0F4008DD735 /* LoginPresenter.swift in Sources */ = {isa = PBXBuildFile; fileRef = 96AA4BCD2DAFA0F2008DD735 /* LoginPresenter.swift */; };
		96AA4BD02DAFA0FC008DD735 /* LoginRouter.swift in Sources */ = {isa = PBXBuildFile; fileRef = 96AA4BCF2DAFA0FB008DD735 /* LoginRouter.swift */; };
		96AA4BD22DAFA103008DD735 /* LoginView.swift in Sources */ = {isa = PBXBuildFile; fileRef = 96AA4BD12DAFA102008DD735 /* LoginView.swift */; };
		96AA4BD42DAFA10C008DD735 /* LoginViewModel.swift in Sources */ = {isa = PBXBuildFile; fileRef = 96AA4BD32DAFA10A008DD735 /* LoginViewModel.swift */; };
		96AA4BD72DAFAC8A008DD735 /* HomeMessageEntity.swift in Sources */ = {isa = PBXBuildFile; fileRef = 96AA4BD62DAFAC7E008DD735 /* HomeMessageEntity.swift */; };
		96AA4BD92DAFACC0008DD735 /* HomeInteractor.swift in Sources */ = {isa = PBXBuildFile; fileRef = 96AA4BD82DAFACB9008DD735 /* HomeInteractor.swift */; };
		96AA4BDB2DAFACE8008DD735 /* HomePresenter.swift in Sources */ = {isa = PBXBuildFile; fileRef = 96AA4BDA2DAFACE6008DD735 /* HomePresenter.swift */; };
		96AA4BDD2DAFAD0B008DD735 /* HomeRouter.swift in Sources */ = {isa = PBXBuildFile; fileRef = 96AA4BDC2DAFAD09008DD735 /* HomeRouter.swift */; };
		96AA4BDF2DAFAD1C008DD735 /* HomeViewModel.swift in Sources */ = {isa = PBXBuildFile; fileRef = 96AA4BDE2DAFAD1A008DD735 /* HomeViewModel.swift */; };
		96AA4BE12DAFAD34008DD735 /* HomeView.swift in Sources */ = {isa = PBXBuildFile; fileRef = 96AA4BE02DAFAD2D008DD735 /* HomeView.swift */; };
		96FA6FC82B4D2C9800CB91B7 /* iOSAcceleratorApp.swift in Sources */ = {isa = PBXBuildFile; fileRef = 96FA6FC72B4D2C9800CB91B7 /* iOSAcceleratorApp.swift */; };
		96FA6FCA2B4D2C9800CB91B7 /* ContentView.swift in Sources */ = {isa = PBXBuildFile; fileRef = 96FA6FC92B4D2C9800CB91B7 /* ContentView.swift */; };
		96FA6FCC2B4D2C9A00CB91B7 /* Assets.xcassets in Resources */ = {isa = PBXBuildFile; fileRef = 96FA6FCB2B4D2C9A00CB91B7 /* Assets.xcassets */; };
		96FA6FCF2B4D2C9A00CB91B7 /* Preview Assets.xcassets in Resources */ = {isa = PBXBuildFile; fileRef = 96FA6FCE2B4D2C9A00CB91B7 /* Preview Assets.xcassets */; };
		96FA6FD92B4D2C9B00CB91B7 /* iOSAcceleratorTests.swift in Sources */ = {isa = PBXBuildFile; fileRef = 96FA6FD82B4D2C9B00CB91B7 /* iOSAcceleratorTests.swift */; };
		96FA6FE32B4D2C9B00CB91B7 /* iOSAcceleratorUITests.swift in Sources */ = {isa = PBXBuildFile; fileRef = 96FA6FE22B4D2C9B00CB91B7 /* iOSAcceleratorUITests.swift */; };
		96FA6FE52B4D2C9B00CB91B7 /* iOSAcceleratorUITestsLaunchTests.swift in Sources */ = {isa = PBXBuildFile; fileRef = 96FA6FE42B4D2C9B00CB91B7 /* iOSAcceleratorUITestsLaunchTests.swift */; };
		96FA70142B5014BD00CB91B7 /* Environment.swift in Sources */ = {isa = PBXBuildFile; fileRef = 96FA70132B5014BD00CB91B7 /* Environment.swift */; };
/* End PBXBuildFile section */

/* Begin PBXContainerItemProxy section */
		96FA6FD52B4D2C9B00CB91B7 /* PBXContainerItemProxy */ = {
			isa = PBXContainerItemProxy;
			containerPortal = 96FA6FBC2B4D2C9800CB91B7 /* Project object */;
			proxyType = 1;
			remoteGlobalIDString = 96FA6FC32B4D2C9800CB91B7;
			remoteInfo = iOSAccelerator;
		};
		96FA6FDF2B4D2C9B00CB91B7 /* PBXContainerItemProxy */ = {
			isa = PBXContainerItemProxy;
			containerPortal = 96FA6FBC2B4D2C9800CB91B7 /* Project object */;
			proxyType = 1;
			remoteGlobalIDString = 96FA6FC32B4D2C9800CB91B7;
			remoteInfo = iOSAccelerator;
		};
/* End PBXContainerItemProxy section */

/* Begin PBXFileReference section */
		96AA4BC92DAFA0DD008DD735 /* LoginCredentialsEntity.swift */ = {isa = PBXFileReference; lastKnownFileType = sourcecode.swift; path = LoginCredentialsEntity.swift; sourceTree = "<group>"; };
		96AA4BCB2DAFA0EB008DD735 /* LoginInteractor.swift */ = {isa = PBXFileReference; lastKnownFileType = sourcecode.swift; path = LoginInteractor.swift; sourceTree = "<group>"; };
		96AA4BCD2DAFA0F2008DD735 /* LoginPresenter.swift */ = {isa = PBXFileReference; lastKnownFileType = sourcecode.swift; path = LoginPresenter.swift; sourceTree = "<group>"; };
		96AA4BCF2DAFA0FB008DD735 /* LoginRouter.swift */ = {isa = PBXFileReference; lastKnownFileType = sourcecode.swift; path = LoginRouter.swift; sourceTree = "<group>"; };
		96AA4BD12DAFA102008DD735 /* LoginView.swift */ = {isa = PBXFileReference; lastKnownFileType = sourcecode.swift; path = LoginView.swift; sourceTree = "<group>"; };
		96AA4BD32DAFA10A008DD735 /* LoginViewModel.swift */ = {isa = PBXFileReference; lastKnownFileType = sourcecode.swift; path = LoginViewModel.swift; sourceTree = "<group>"; };
		96AA4BD62DAFAC7E008DD735 /* HomeMessageEntity.swift */ = {isa = PBXFileReference; lastKnownFileType = sourcecode.swift; path = HomeMessageEntity.swift; sourceTree = "<group>"; };
		96AA4BD82DAFACB9008DD735 /* HomeInteractor.swift */ = {isa = PBXFileReference; lastKnownFileType = sourcecode.swift; path = HomeInteractor.swift; sourceTree = "<group>"; };
		96AA4BDA2DAFACE6008DD735 /* HomePresenter.swift */ = {isa = PBXFileReference; lastKnownFileType = sourcecode.swift; path = HomePresenter.swift; sourceTree = "<group>"; };
		96AA4BDC2DAFAD09008DD735 /* HomeRouter.swift */ = {isa = PBXFileReference; lastKnownFileType = sourcecode.swift; path = HomeRouter.swift; sourceTree = "<group>"; };
		96AA4BDE2DAFAD1A008DD735 /* HomeViewModel.swift */ = {isa = PBXFileReference; lastKnownFileType = sourcecode.swift; path = HomeViewModel.swift; sourceTree = "<group>"; };
		96AA4BE02DAFAD2D008DD735 /* HomeView.swift */ = {isa = PBXFileReference; lastKnownFileType = sourcecode.swift; path = HomeView.swift; sourceTree = "<group>"; };
		96FA6FC42B4D2C9800CB91B7 /* iOSAccelerator.app */ = {isa = PBXFileReference; explicitFileType = wrapper.application; includeInIndex = 0; path = iOSAccelerator.app; sourceTree = BUILT_PRODUCTS_DIR; };
		96FA6FC72B4D2C9800CB91B7 /* iOSAcceleratorApp.swift */ = {isa = PBXFileReference; lastKnownFileType = sourcecode.swift; path = iOSAcceleratorApp.swift; sourceTree = "<group>"; };
		96FA6FC92B4D2C9800CB91B7 /* ContentView.swift */ = {isa = PBXFileReference; lastKnownFileType = sourcecode.swift; path = ContentView.swift; sourceTree = "<group>"; };
		96FA6FCB2B4D2C9A00CB91B7 /* Assets.xcassets */ = {isa = PBXFileReference; lastKnownFileType = folder.assetcatalog; path = Assets.xcassets; sourceTree = "<group>"; };
		96FA6FCE2B4D2C9A00CB91B7 /* Preview Assets.xcassets */ = {isa = PBXFileReference; lastKnownFileType = folder.assetcatalog; path = "Preview Assets.xcassets"; sourceTree = "<group>"; };
		96FA6FD42B4D2C9B00CB91B7 /* iOSAcceleratorTests.xctest */ = {isa = PBXFileReference; explicitFileType = wrapper.cfbundle; includeInIndex = 0; path = iOSAcceleratorTests.xctest; sourceTree = BUILT_PRODUCTS_DIR; };
		96FA6FD82B4D2C9B00CB91B7 /* iOSAcceleratorTests.swift */ = {isa = PBXFileReference; lastKnownFileType = sourcecode.swift; path = iOSAcceleratorTests.swift; sourceTree = "<group>"; };
		96FA6FDE2B4D2C9B00CB91B7 /* iOSAcceleratorUITests.xctest */ = {isa = PBXFileReference; explicitFileType = wrapper.cfbundle; includeInIndex = 0; path = iOSAcceleratorUITests.xctest; sourceTree = BUILT_PRODUCTS_DIR; };
		96FA6FE22B4D2C9B00CB91B7 /* iOSAcceleratorUITests.swift */ = {isa = PBXFileReference; lastKnownFileType = sourcecode.swift; path = iOSAcceleratorUITests.swift; sourceTree = "<group>"; };
		96FA6FE42B4D2C9B00CB91B7 /* iOSAcceleratorUITestsLaunchTests.swift */ = {isa = PBXFileReference; lastKnownFileType = sourcecode.swift; path = iOSAcceleratorUITestsLaunchTests.swift; sourceTree = "<group>"; };
		96FA70132B5014BD00CB91B7 /* Environment.swift */ = {isa = PBXFileReference; fileEncoding = 4; lastKnownFileType = sourcecode.swift; path = Environment.swift; sourceTree = "<group>"; };
		96FA701F2B50DAB400CB91B7 /* Staging.xcconfig */ = {isa = PBXFileReference; lastKnownFileType = text.xcconfig; path = Staging.xcconfig; sourceTree = "<group>"; };
		96FA70242B50DB1600CB91B7 /* Production.xcconfig */ = {isa = PBXFileReference; lastKnownFileType = text.xcconfig; path = Production.xcconfig; sourceTree = "<group>"; };
		96FA70252B510D9300CB91B7 /* Info.plist */ = {isa = PBXFileReference; fileEncoding = 4; lastKnownFileType = text.plist.xml; path = Info.plist; sourceTree = "<group>"; };
/* End PBXFileReference section */

/* Begin PBXFrameworksBuildPhase section */
		96FA6FC12B4D2C9800CB91B7 /* Frameworks */ = {
			isa = PBXFrameworksBuildPhase;
			buildActionMask = 2147483647;
			files = (
			);
			runOnlyForDeploymentPostprocessing = 0;
		};
		96FA6FD12B4D2C9B00CB91B7 /* Frameworks */ = {
			isa = PBXFrameworksBuildPhase;
			buildActionMask = 2147483647;
			files = (
			);
			runOnlyForDeploymentPostprocessing = 0;
		};
		96FA6FDB2B4D2C9B00CB91B7 /* Frameworks */ = {
			isa = PBXFrameworksBuildPhase;
			buildActionMask = 2147483647;
			files = (
			);
			runOnlyForDeploymentPostprocessing = 0;
		};
/* End PBXFrameworksBuildPhase section */

/* Begin PBXGroup section */
		059972C82B57B62400F6A3DF /* Frameworks */ = {
			isa = PBXGroup;
			children = (
			);
			name = Frameworks;
			sourceTree = "<group>";
		};
		05DF6DA52B550B5D007B6D9F /* SupportingFiles */ = {
			isa = PBXGroup;
			children = (
				05DF6DA62B550B7D007B6D9F /* Config */,
			);
			path = SupportingFiles;
			sourceTree = "<group>";
		};
		05DF6DA62B550B7D007B6D9F /* Config */ = {
			isa = PBXGroup;
			children = (
				96FA701F2B50DAB400CB91B7 /* Staging.xcconfig */,
				96FA70242B50DB1600CB91B7 /* Production.xcconfig */,
			);
			path = Config;
			sourceTree = "<group>";
		};
		96AA4BC82DAFA0BE008DD735 /* Login */ = {
			isa = PBXGroup;
			children = (
				96AA4BD32DAFA10A008DD735 /* LoginViewModel.swift */,
				96AA4BD12DAFA102008DD735 /* LoginView.swift */,
				96AA4BCF2DAFA0FB008DD735 /* LoginRouter.swift */,
				96AA4BCD2DAFA0F2008DD735 /* LoginPresenter.swift */,
				96AA4BCB2DAFA0EB008DD735 /* LoginInteractor.swift */,
				96AA4BC92DAFA0DD008DD735 /* LoginCredentialsEntity.swift */,
			);
			path = Login;
			sourceTree = "<group>";
		};
		96AA4BD52DAFAC63008DD735 /* Home */ = {
			isa = PBXGroup;
			children = (
				96AA4BE02DAFAD2D008DD735 /* HomeView.swift */,
				96AA4BDE2DAFAD1A008DD735 /* HomeViewModel.swift */,
				96AA4BDC2DAFAD09008DD735 /* HomeRouter.swift */,
				96AA4BDA2DAFACE6008DD735 /* HomePresenter.swift */,
				96AA4BD82DAFACB9008DD735 /* HomeInteractor.swift */,
				96AA4BD62DAFAC7E008DD735 /* HomeMessageEntity.swift */,
			);
			path = Home;
			sourceTree = "<group>";
		};
		96FA6FBB2B4D2C9800CB91B7 = {
			isa = PBXGroup;
			children = (
				96FA6FC62B4D2C9800CB91B7 /* iOSAccelerator */,
				96FA6FD72B4D2C9B00CB91B7 /* iOSAcceleratorTests */,
				96FA6FE12B4D2C9B00CB91B7 /* iOSAcceleratorUITests */,
				96FA6FC52B4D2C9800CB91B7 /* Products */,
				059972C82B57B62400F6A3DF /* Frameworks */,
			);
			sourceTree = "<group>";
		};
		96FA6FC52B4D2C9800CB91B7 /* Products */ = {
			isa = PBXGroup;
			children = (
				96FA6FC42B4D2C9800CB91B7 /* iOSAccelerator.app */,
				96FA6FD42B4D2C9B00CB91B7 /* iOSAcceleratorTests.xctest */,
				96FA6FDE2B4D2C9B00CB91B7 /* iOSAcceleratorUITests.xctest */,
			);
			name = Products;
			sourceTree = "<group>";
		};
		96FA6FC62B4D2C9800CB91B7 /* iOSAccelerator */ = {
			isa = PBXGroup;
			children = (
				96AA4BD52DAFAC63008DD735 /* Home */,
				96AA4BC82DAFA0BE008DD735 /* Login */,
				05DF6DA52B550B5D007B6D9F /* SupportingFiles */,
				96FA70252B510D9300CB91B7 /* Info.plist */,
				96FA70132B5014BD00CB91B7 /* Environment.swift */,
				96FA6FC72B4D2C9800CB91B7 /* iOSAcceleratorApp.swift */,
				96FA6FC92B4D2C9800CB91B7 /* ContentView.swift */,
				96FA6FCB2B4D2C9A00CB91B7 /* Assets.xcassets */,
				96FA6FCD2B4D2C9A00CB91B7 /* Preview Content */,
			);
			path = iOSAccelerator;
			sourceTree = "<group>";
		};
		96FA6FCD2B4D2C9A00CB91B7 /* Preview Content */ = {
			isa = PBXGroup;
			children = (
				96FA6FCE2B4D2C9A00CB91B7 /* Preview Assets.xcassets */,
			);
			path = "Preview Content";
			sourceTree = "<group>";
		};
		96FA6FD72B4D2C9B00CB91B7 /* iOSAcceleratorTests */ = {
			isa = PBXGroup;
			children = (
				96FA6FD82B4D2C9B00CB91B7 /* iOSAcceleratorTests.swift */,
			);
			path = iOSAcceleratorTests;
			sourceTree = "<group>";
		};
		96FA6FE12B4D2C9B00CB91B7 /* iOSAcceleratorUITests */ = {
			isa = PBXGroup;
			children = (
				96FA6FE22B4D2C9B00CB91B7 /* iOSAcceleratorUITests.swift */,
				96FA6FE42B4D2C9B00CB91B7 /* iOSAcceleratorUITestsLaunchTests.swift */,
			);
			path = iOSAcceleratorUITests;
			sourceTree = "<group>";
		};
/* End PBXGroup section */

/* Begin PBXNativeTarget section */
		96FA6FC32B4D2C9800CB91B7 /* iOSAccelerator */ = {
			isa = PBXNativeTarget;
			buildConfigurationList = 96FA6FE82B4D2C9B00CB91B7 /* Build configuration list for PBXNativeTarget "iOSAccelerator" */;
			buildPhases = (
				96FA6FC02B4D2C9800CB91B7 /* Sources */,
				96FA6FC12B4D2C9800CB91B7 /* Frameworks */,
				96FA6FC22B4D2C9800CB91B7 /* Resources */,
			);
			buildRules = (
			);
			dependencies = (
			);
			name = iOSAccelerator;
			packageProductDependencies = (
			);
			productName = iOSAccelerator;
			productReference = 96FA6FC42B4D2C9800CB91B7 /* iOSAccelerator.app */;
			productType = "com.apple.product-type.application";
		};
		96FA6FD32B4D2C9B00CB91B7 /* iOSAcceleratorTests */ = {
			isa = PBXNativeTarget;
			buildConfigurationList = 96FA6FEB2B4D2C9B00CB91B7 /* Build configuration list for PBXNativeTarget "iOSAcceleratorTests" */;
			buildPhases = (
				96FA6FD02B4D2C9B00CB91B7 /* Sources */,
				96FA6FD12B4D2C9B00CB91B7 /* Frameworks */,
				96FA6FD22B4D2C9B00CB91B7 /* Resources */,
			);
			buildRules = (
			);
			dependencies = (
				96FA6FD62B4D2C9B00CB91B7 /* PBXTargetDependency */,
			);
			name = iOSAcceleratorTests;
			productName = iOSAcceleratorTests;
			productReference = 96FA6FD42B4D2C9B00CB91B7 /* iOSAcceleratorTests.xctest */;
			productType = "com.apple.product-type.bundle.unit-test";
		};
		96FA6FDD2B4D2C9B00CB91B7 /* iOSAcceleratorUITests */ = {
			isa = PBXNativeTarget;
			buildConfigurationList = 96FA6FEE2B4D2C9B00CB91B7 /* Build configuration list for PBXNativeTarget "iOSAcceleratorUITests" */;
			buildPhases = (
				96FA6FDA2B4D2C9B00CB91B7 /* Sources */,
				96FA6FDB2B4D2C9B00CB91B7 /* Frameworks */,
				96FA6FDC2B4D2C9B00CB91B7 /* Resources */,
			);
			buildRules = (
			);
			dependencies = (
				96FA6FE02B4D2C9B00CB91B7 /* PBXTargetDependency */,
			);
			name = iOSAcceleratorUITests;
			productName = iOSAcceleratorUITests;
			productReference = 96FA6FDE2B4D2C9B00CB91B7 /* iOSAcceleratorUITests.xctest */;
			productType = "com.apple.product-type.bundle.ui-testing";
		};
/* End PBXNativeTarget section */

/* Begin PBXProject section */
		96FA6FBC2B4D2C9800CB91B7 /* Project object */ = {
			isa = PBXProject;
			attributes = {
				BuildIndependentTargetsInParallel = 1;
				LastSwiftUpdateCheck = 1510;
				LastUpgradeCheck = 1600;
				ORGANIZATIONNAME = "Mindstix Software Labs";
				TargetAttributes = {
					96FA6FC32B4D2C9800CB91B7 = {
						CreatedOnToolsVersion = 15.1;
					};
					96FA6FD32B4D2C9B00CB91B7 = {
						CreatedOnToolsVersion = 15.1;
						TestTargetID = 96FA6FC32B4D2C9800CB91B7;
					};
					96FA6FDD2B4D2C9B00CB91B7 = {
						CreatedOnToolsVersion = 15.1;
						TestTargetID = 96FA6FC32B4D2C9800CB91B7;
					};
				};
			};
			buildConfigurationList = 96FA6FBF2B4D2C9800CB91B7 /* Build configuration list for PBXProject "iOSAccelerator" */;
			compatibilityVersion = "Xcode 14.0";
			developmentRegion = en;
			hasScannedForEncodings = 0;
			knownRegions = (
				en,
				Base,
			);
			mainGroup = 96FA6FBB2B4D2C9800CB91B7;
			packageReferences = (
			);
			productRefGroup = 96FA6FC52B4D2C9800CB91B7 /* Products */;
			projectDirPath = "";
			projectRoot = "";
			targets = (
				96FA6FC32B4D2C9800CB91B7 /* iOSAccelerator */,
				96FA6FD32B4D2C9B00CB91B7 /* iOSAcceleratorTests */,
				96FA6FDD2B4D2C9B00CB91B7 /* iOSAcceleratorUITests */,
			);
		};
/* End PBXProject section */

/* Begin PBXResourcesBuildPhase section */
		96FA6FC22B4D2C9800CB91B7 /* Resources */ = {
			isa = PBXResourcesBuildPhase;
			buildActionMask = 2147483647;
			files = (
				96FA6FCF2B4D2C9A00CB91B7 /* Preview Assets.xcassets in Resources */,
				96FA6FCC2B4D2C9A00CB91B7 /* Assets.xcassets in Resources */,
			);
			runOnlyForDeploymentPostprocessing = 0;
		};
		96FA6FD22B4D2C9B00CB91B7 /* Resources */ = {
			isa = PBXResourcesBuildPhase;
			buildActionMask = 2147483647;
			files = (
			);
			runOnlyForDeploymentPostprocessing = 0;
		};
		96FA6FDC2B4D2C9B00CB91B7 /* Resources */ = {
			isa = PBXResourcesBuildPhase;
			buildActionMask = 2147483647;
			files = (
			);
			runOnlyForDeploymentPostprocessing = 0;
		};
/* End PBXResourcesBuildPhase section */

/* Begin PBXSourcesBuildPhase section */
		96FA6FC02B4D2C9800CB91B7 /* Sources */ = {
			isa = PBXSourcesBuildPhase;
			buildActionMask = 2147483647;
			files = (
				96AA4BCE2DAFA0F4008DD735 /* LoginPresenter.swift in Sources */,
				96AA4BD92DAFACC0008DD735 /* HomeInteractor.swift in Sources */,
				96FA6FCA2B4D2C9800CB91B7 /* ContentView.swift in Sources */,
				96AA4BE12DAFAD34008DD735 /* HomeView.swift in Sources */,
				96AA4BDB2DAFACE8008DD735 /* HomePresenter.swift in Sources */,
				96FA6FC82B4D2C9800CB91B7 /* iOSAcceleratorApp.swift in Sources */,
				96FA70142B5014BD00CB91B7 /* Environment.swift in Sources */,
				96AA4BDD2DAFAD0B008DD735 /* HomeRouter.swift in Sources */,
				96AA4BCC2DAFA0EC008DD735 /* LoginInteractor.swift in Sources */,
				96AA4BD72DAFAC8A008DD735 /* HomeMessageEntity.swift in Sources */,
				96AA4BDF2DAFAD1C008DD735 /* HomeViewModel.swift in Sources */,
				96AA4BD02DAFA0FC008DD735 /* LoginRouter.swift in Sources */,
				96AA4BD22DAFA103008DD735 /* LoginView.swift in Sources */,
				96AA4BCA2DAFA0E2008DD735 /* LoginCredentialsEntity.swift in Sources */,
				96AA4BD42DAFA10C008DD735 /* LoginViewModel.swift in Sources */,
			);
			runOnlyForDeploymentPostprocessing = 0;
		};
		96FA6FD02B4D2C9B00CB91B7 /* Sources */ = {
			isa = PBXSourcesBuildPhase;
			buildActionMask = 2147483647;
			files = (
				96FA6FD92B4D2C9B00CB91B7 /* iOSAcceleratorTests.swift in Sources */,
			);
			runOnlyForDeploymentPostprocessing = 0;
		};
		96FA6FDA2B4D2C9B00CB91B7 /* Sources */ = {
			isa = PBXSourcesBuildPhase;
			buildActionMask = 2147483647;
			files = (
				96FA6FE52B4D2C9B00CB91B7 /* iOSAcceleratorUITestsLaunchTests.swift in Sources */,
				96FA6FE32B4D2C9B00CB91B7 /* iOSAcceleratorUITests.swift in Sources */,
			);
			runOnlyForDeploymentPostprocessing = 0;
		};
/* End PBXSourcesBuildPhase section */

/* Begin PBXTargetDependency section */
		96FA6FD62B4D2C9B00CB91B7 /* PBXTargetDependency */ = {
			isa = PBXTargetDependency;
			target = 96FA6FC32B4D2C9800CB91B7 /* iOSAccelerator */;
			targetProxy = 96FA6FD52B4D2C9B00CB91B7 /* PBXContainerItemProxy */;
		};
		96FA6FE02B4D2C9B00CB91B7 /* PBXTargetDependency */ = {
			isa = PBXTargetDependency;
			target = 96FA6FC32B4D2C9800CB91B7 /* iOSAccelerator */;
			targetProxy = 96FA6FDF2B4D2C9B00CB91B7 /* PBXContainerItemProxy */;
		};
/* End PBXTargetDependency section */

/* Begin XCBuildConfiguration section */
		96FA6FE62B4D2C9B00CB91B7 /* Debug */ = {
			isa = XCBuildConfiguration;
			buildSettings = {
				ALWAYS_SEARCH_USER_PATHS = NO;
				ASSETCATALOG_COMPILER_GENERATE_SWIFT_ASSET_SYMBOL_EXTENSIONS = YES;
				CLANG_ANALYZER_NONNULL = YES;
				CLANG_ANALYZER_NUMBER_OBJECT_CONVERSION = YES_AGGRESSIVE;
				CLANG_CXX_LANGUAGE_STANDARD = "gnu++20";
				CLANG_ENABLE_MODULES = YES;
				CLANG_ENABLE_OBJC_ARC = YES;
				CLANG_ENABLE_OBJC_WEAK = YES;
				CLANG_WARN_BLOCK_CAPTURE_AUTORELEASING = YES;
				CLANG_WARN_BOOL_CONVERSION = YES;
				CLANG_WARN_COMMA = YES;
				CLANG_WARN_CONSTANT_CONVERSION = YES;
				CLANG_WARN_DEPRECATED_OBJC_IMPLEMENTATIONS = YES;
				CLANG_WARN_DIRECT_OBJC_ISA_USAGE = YES_ERROR;
				CLANG_WARN_DOCUMENTATION_COMMENTS = YES;
				CLANG_WARN_EMPTY_BODY = YES;
				CLANG_WARN_ENUM_CONVERSION = YES;
				CLANG_WARN_INFINITE_RECURSION = YES;
				CLANG_WARN_INT_CONVERSION = YES;
				CLANG_WARN_NON_LITERAL_NULL_CONVERSION = YES;
				CLANG_WARN_OBJC_IMPLICIT_RETAIN_SELF = YES;
				CLANG_WARN_OBJC_LITERAL_CONVERSION = YES;
				CLANG_WARN_OBJC_ROOT_CLASS = YES_ERROR;
				CLANG_WARN_QUOTED_INCLUDE_IN_FRAMEWORK_HEADER = YES;
				CLANG_WARN_RANGE_LOOP_ANALYSIS = YES;
				CLANG_WARN_STRICT_PROTOTYPES = YES;
				CLANG_WARN_SUSPICIOUS_MOVE = YES;
				CLANG_WARN_UNGUARDED_AVAILABILITY = YES_AGGRESSIVE;
				CLANG_WARN_UNREACHABLE_CODE = YES;
				CLANG_WARN__DUPLICATE_METHOD_MATCH = YES;
				COPY_PHASE_STRIP = NO;
				DEBUG_INFORMATION_FORMAT = dwarf;
				ENABLE_STRICT_OBJC_MSGSEND = YES;
				ENABLE_TESTABILITY = YES;
				ENABLE_USER_SCRIPT_SANDBOXING = YES;
				GCC_C_LANGUAGE_STANDARD = gnu17;
				GCC_DYNAMIC_NO_PIC = NO;
				GCC_NO_COMMON_BLOCKS = YES;
				GCC_OPTIMIZATION_LEVEL = 0;
				GCC_PREPROCESSOR_DEFINITIONS = (
					"DEBUG=1",
					"$(inherited)",
				);
				GCC_WARN_64_TO_32_BIT_CONVERSION = YES;
				GCC_WARN_ABOUT_RETURN_TYPE = YES_ERROR;
				GCC_WARN_UNDECLARED_SELECTOR = YES;
				GCC_WARN_UNINITIALIZED_AUTOS = YES_AGGRESSIVE;
				GCC_WARN_UNUSED_FUNCTION = YES;
				GCC_WARN_UNUSED_VARIABLE = YES;
				IPHONEOS_DEPLOYMENT_TARGET = 17.2;
				LOCALIZATION_PREFERS_STRING_CATALOGS = YES;
				MTL_ENABLE_DEBUG_INFO = INCLUDE_SOURCE;
				MTL_FAST_MATH = YES;
				ONLY_ACTIVE_ARCH = YES;
				SDKROOT = iphoneos;
				SWIFT_ACTIVE_COMPILATION_CONDITIONS = "DEBUG $(inherited)";
				SWIFT_OPTIMIZATION_LEVEL = "-Onone";
			};
			name = Debug;
		};
		96FA6FE72B4D2C9B00CB91B7 /* Release */ = {
			isa = XCBuildConfiguration;
			buildSettings = {
				ALWAYS_SEARCH_USER_PATHS = NO;
				ASSETCATALOG_COMPILER_GENERATE_SWIFT_ASSET_SYMBOL_EXTENSIONS = YES;
				CLANG_ANALYZER_NONNULL = YES;
				CLANG_ANALYZER_NUMBER_OBJECT_CONVERSION = YES_AGGRESSIVE;
				CLANG_CXX_LANGUAGE_STANDARD = "gnu++20";
				CLANG_ENABLE_MODULES = YES;
				CLANG_ENABLE_OBJC_ARC = YES;
				CLANG_ENABLE_OBJC_WEAK = YES;
				CLANG_WARN_BLOCK_CAPTURE_AUTORELEASING = YES;
				CLANG_WARN_BOOL_CONVERSION = YES;
				CLANG_WARN_COMMA = YES;
				CLANG_WARN_CONSTANT_CONVERSION = YES;
				CLANG_WARN_DEPRECATED_OBJC_IMPLEMENTATIONS = YES;
				CLANG_WARN_DIRECT_OBJC_ISA_USAGE = YES_ERROR;
				CLANG_WARN_DOCUMENTATION_COMMENTS = YES;
				CLANG_WARN_EMPTY_BODY = YES;
				CLANG_WARN_ENUM_CONVERSION = YES;
				CLANG_WARN_INFINITE_RECURSION = YES;
				CLANG_WARN_INT_CONVERSION = YES;
				CLANG_WARN_NON_LITERAL_NULL_CONVERSION = YES;
				CLANG_WARN_OBJC_IMPLICIT_RETAIN_SELF = YES;
				CLANG_WARN_OBJC_LITERAL_CONVERSION = YES;
				CLANG_WARN_OBJC_ROOT_CLASS = YES_ERROR;
				CLANG_WARN_QUOTED_INCLUDE_IN_FRAMEWORK_HEADER = YES;
				CLANG_WARN_RANGE_LOOP_ANALYSIS = YES;
				CLANG_WARN_STRICT_PROTOTYPES = YES;
				CLANG_WARN_SUSPICIOUS_MOVE = YES;
				CLANG_WARN_UNGUARDED_AVAILABILITY = YES_AGGRESSIVE;
				CLANG_WARN_UNREACHABLE_CODE = YES;
				CLANG_WARN__DUPLICATE_METHOD_MATCH = YES;
				COPY_PHASE_STRIP = NO;
				DEBUG_INFORMATION_FORMAT = "dwarf-with-dsym";
				ENABLE_NS_ASSERTIONS = NO;
				ENABLE_STRICT_OBJC_MSGSEND = YES;
				ENABLE_USER_SCRIPT_SANDBOXING = YES;
				GCC_C_LANGUAGE_STANDARD = gnu17;
				GCC_NO_COMMON_BLOCKS = YES;
				GCC_WARN_64_TO_32_BIT_CONVERSION = YES;
				GCC_WARN_ABOUT_RETURN_TYPE = YES_ERROR;
				GCC_WARN_UNDECLARED_SELECTOR = YES;
				GCC_WARN_UNINITIALIZED_AUTOS = YES_AGGRESSIVE;
				GCC_WARN_UNUSED_FUNCTION = YES;
				GCC_WARN_UNUSED_VARIABLE = YES;
				IPHONEOS_DEPLOYMENT_TARGET = 17.2;
				LOCALIZATION_PREFERS_STRING_CATALOGS = YES;
				MTL_ENABLE_DEBUG_INFO = NO;
				MTL_FAST_MATH = YES;
				SDKROOT = iphoneos;
				SWIFT_COMPILATION_MODE = wholemodule;
				VALIDATE_PRODUCT = YES;
			};
			name = Release;
		};
		96FA6FE92B4D2C9B00CB91B7 /* Debug */ = {
			isa = XCBuildConfiguration;
			buildSettings = {
				ASSETCATALOG_COMPILER_APPICON_NAME = AppIcon;
				ASSETCATALOG_COMPILER_GLOBAL_ACCENT_COLOR_NAME = AccentColor;
				CODE_SIGN_STYLE = Manual;
				CURRENT_PROJECT_VERSION = 1;
				DEVELOPMENT_ASSET_PATHS = "\"iOSAccelerator/Preview Content\"";
				DEVELOPMENT_TEAM = "";
				ENABLE_PREVIEWS = YES;
				GENERATE_INFOPLIST_FILE = YES;
				INFOPLIST_FILE = iOSAccelerator/Info.plist;
				INFOPLIST_KEY_UIApplicationSceneManifest_Generation = YES;
				INFOPLIST_KEY_UIApplicationSupportsIndirectInputEvents = YES;
				INFOPLIST_KEY_UILaunchScreen_Generation = YES;
				INFOPLIST_KEY_UISupportedInterfaceOrientations_iPad = "UIInterfaceOrientationPortrait UIInterfaceOrientationPortraitUpsideDown UIInterfaceOrientationLandscapeLeft UIInterfaceOrientationLandscapeRight";
				INFOPLIST_KEY_UISupportedInterfaceOrientations_iPhone = "UIInterfaceOrientationPortrait UIInterfaceOrientationLandscapeLeft UIInterfaceOrientationLandscapeRight";
				IPHONEOS_DEPLOYMENT_TARGET = 16.6;
				LD_RUNPATH_SEARCH_PATHS = (
					"$(inherited)",
					"@executable_path/Frameworks",
				);
				MARKETING_VERSION = 1.0;
				PRODUCT_BUNDLE_IDENTIFIER = com.mindstix.iOSAccelerator;
				PRODUCT_NAME = "$(TARGET_NAME)";
				PROVISIONING_PROFILE_SPECIFIER = "";
				SWIFT_EMIT_LOC_STRINGS = YES;
				SWIFT_VERSION = 5.0;
				TARGETED_DEVICE_FAMILY = "1,2";
			};
			name = Debug;
		};
		96FA6FEA2B4D2C9B00CB91B7 /* Release */ = {
			isa = XCBuildConfiguration;
			buildSettings = {
				ASSETCATALOG_COMPILER_APPICON_NAME = AppIcon;
				ASSETCATALOG_COMPILER_GLOBAL_ACCENT_COLOR_NAME = AccentColor;
				CODE_SIGN_STYLE = Manual;
				CURRENT_PROJECT_VERSION = 1;
				DEVELOPMENT_ASSET_PATHS = "\"iOSAccelerator/Preview Content\"";
				DEVELOPMENT_TEAM = "";
				ENABLE_PREVIEWS = YES;
				GENERATE_INFOPLIST_FILE = YES;
				INFOPLIST_FILE = iOSAccelerator/Info.plist;
				INFOPLIST_KEY_UIApplicationSceneManifest_Generation = YES;
				INFOPLIST_KEY_UIApplicationSupportsIndirectInputEvents = YES;
				INFOPLIST_KEY_UILaunchScreen_Generation = YES;
				INFOPLIST_KEY_UISupportedInterfaceOrientations_iPad = "UIInterfaceOrientationPortrait UIInterfaceOrientationPortraitUpsideDown UIInterfaceOrientationLandscapeLeft UIInterfaceOrientationLandscapeRight";
				INFOPLIST_KEY_UISupportedInterfaceOrientations_iPhone = "UIInterfaceOrientationPortrait UIInterfaceOrientationLandscapeLeft UIInterfaceOrientationLandscapeRight";
				IPHONEOS_DEPLOYMENT_TARGET = 16.6;
				LD_RUNPATH_SEARCH_PATHS = (
					"$(inherited)",
					"@executable_path/Frameworks",
				);
				MARKETING_VERSION = 1.0;
				PRODUCT_BUNDLE_IDENTIFIER = com.mindstix.iOSAccelerator;
				PRODUCT_NAME = "$(TARGET_NAME)";
				PROVISIONING_PROFILE_SPECIFIER = "";
				SWIFT_EMIT_LOC_STRINGS = YES;
				SWIFT_VERSION = 5.0;
				TARGETED_DEVICE_FAMILY = "1,2";
			};
			name = Release;
		};
		96FA6FEC2B4D2C9B00CB91B7 /* Debug */ = {
			isa = XCBuildConfiguration;
			buildSettings = {
				BUNDLE_LOADER = "$(TEST_HOST)";
				CODE_SIGN_STYLE = Automatic;
				CURRENT_PROJECT_VERSION = 1;
				GENERATE_INFOPLIST_FILE = YES;
				IPHONEOS_DEPLOYMENT_TARGET = 17.2;
				MARKETING_VERSION = 1.0;
				PRODUCT_BUNDLE_IDENTIFIER = com.mindstix.iOSAcceleratorTests;
				PRODUCT_NAME = "$(TARGET_NAME)";
				SWIFT_EMIT_LOC_STRINGS = NO;
				SWIFT_VERSION = 5.0;
				TARGETED_DEVICE_FAMILY = "1,2";
				TEST_HOST = "$(BUILT_PRODUCTS_DIR)/iOSAccelerator.app/$(BUNDLE_EXECUTABLE_FOLDER_PATH)/iOSAccelerator";
			};
			name = Debug;
		};
		96FA6FED2B4D2C9B00CB91B7 /* Release */ = {
			isa = XCBuildConfiguration;
			buildSettings = {
				BUNDLE_LOADER = "$(TEST_HOST)";
				CODE_SIGN_STYLE = Automatic;
				CURRENT_PROJECT_VERSION = 1;
				GENERATE_INFOPLIST_FILE = YES;
				IPHONEOS_DEPLOYMENT_TARGET = 17.2;
				MARKETING_VERSION = 1.0;
				PRODUCT_BUNDLE_IDENTIFIER = com.mindstix.iOSAcceleratorTests;
				PRODUCT_NAME = "$(TARGET_NAME)";
				SWIFT_EMIT_LOC_STRINGS = NO;
				SWIFT_VERSION = 5.0;
				TARGETED_DEVICE_FAMILY = "1,2";
				TEST_HOST = "$(BUILT_PRODUCTS_DIR)/iOSAccelerator.app/$(BUNDLE_EXECUTABLE_FOLDER_PATH)/iOSAccelerator";
			};
			name = Release;
		};
		96FA6FEF2B4D2C9B00CB91B7 /* Debug */ = {
			isa = XCBuildConfiguration;
			buildSettings = {
				CODE_SIGN_STYLE = Automatic;
				CURRENT_PROJECT_VERSION = 1;
				GENERATE_INFOPLIST_FILE = YES;
				MARKETING_VERSION = 1.0;
				PRODUCT_BUNDLE_IDENTIFIER = com.mindstix.iOSAcceleratorUITests;
				PRODUCT_NAME = "$(TARGET_NAME)";
				SWIFT_EMIT_LOC_STRINGS = NO;
				SWIFT_VERSION = 5.0;
				TARGETED_DEVICE_FAMILY = "1,2";
				TEST_TARGET_NAME = iOSAccelerator;
			};
			name = Debug;
		};
		96FA6FF02B4D2C9B00CB91B7 /* Release */ = {
			isa = XCBuildConfiguration;
			buildSettings = {
				CODE_SIGN_STYLE = Automatic;
				CURRENT_PROJECT_VERSION = 1;
				GENERATE_INFOPLIST_FILE = YES;
				MARKETING_VERSION = 1.0;
				PRODUCT_BUNDLE_IDENTIFIER = com.mindstix.iOSAcceleratorUITests;
				PRODUCT_NAME = "$(TARGET_NAME)";
				SWIFT_EMIT_LOC_STRINGS = NO;
				SWIFT_VERSION = 5.0;
				TARGETED_DEVICE_FAMILY = "1,2";
				TEST_TARGET_NAME = iOSAccelerator;
			};
			name = Release;
		};
		96FA701B2B50DA6100CB91B7 /* Staging */ = {
			isa = XCBuildConfiguration;
			baseConfigurationReference = 96FA701F2B50DAB400CB91B7 /* Staging.xcconfig */;
			buildSettings = {
				ALWAYS_SEARCH_USER_PATHS = NO;
				ASSETCATALOG_COMPILER_GENERATE_SWIFT_ASSET_SYMBOL_EXTENSIONS = YES;
				CLANG_ANALYZER_NONNULL = YES;
				CLANG_ANALYZER_NUMBER_OBJECT_CONVERSION = YES_AGGRESSIVE;
				CLANG_CXX_LANGUAGE_STANDARD = "gnu++20";
				CLANG_ENABLE_MODULES = YES;
				CLANG_ENABLE_OBJC_ARC = YES;
				CLANG_ENABLE_OBJC_WEAK = YES;
				CLANG_WARN_BLOCK_CAPTURE_AUTORELEASING = YES;
				CLANG_WARN_BOOL_CONVERSION = YES;
				CLANG_WARN_COMMA = YES;
				CLANG_WARN_CONSTANT_CONVERSION = YES;
				CLANG_WARN_DEPRECATED_OBJC_IMPLEMENTATIONS = YES;
				CLANG_WARN_DIRECT_OBJC_ISA_USAGE = YES_ERROR;
				CLANG_WARN_DOCUMENTATION_COMMENTS = YES;
				CLANG_WARN_EMPTY_BODY = YES;
				CLANG_WARN_ENUM_CONVERSION = YES;
				CLANG_WARN_INFINITE_RECURSION = YES;
				CLANG_WARN_INT_CONVERSION = YES;
				CLANG_WARN_NON_LITERAL_NULL_CONVERSION = YES;
				CLANG_WARN_OBJC_IMPLICIT_RETAIN_SELF = YES;
				CLANG_WARN_OBJC_LITERAL_CONVERSION = YES;
				CLANG_WARN_OBJC_ROOT_CLASS = YES_ERROR;
				CLANG_WARN_QUOTED_INCLUDE_IN_FRAMEWORK_HEADER = YES;
				CLANG_WARN_RANGE_LOOP_ANALYSIS = YES;
				CLANG_WARN_STRICT_PROTOTYPES = YES;
				CLANG_WARN_SUSPICIOUS_MOVE = YES;
				CLANG_WARN_UNGUARDED_AVAILABILITY = YES_AGGRESSIVE;
				CLANG_WARN_UNREACHABLE_CODE = YES;
				CLANG_WARN__DUPLICATE_METHOD_MATCH = YES;
				COPY_PHASE_STRIP = NO;
				DEBUG_INFORMATION_FORMAT = dwarf;
				ENABLE_STRICT_OBJC_MSGSEND = YES;
				ENABLE_TESTABILITY = YES;
				ENABLE_USER_SCRIPT_SANDBOXING = YES;
				GCC_C_LANGUAGE_STANDARD = gnu17;
				GCC_DYNAMIC_NO_PIC = NO;
				GCC_NO_COMMON_BLOCKS = YES;
				GCC_OPTIMIZATION_LEVEL = 0;
				GCC_PREPROCESSOR_DEFINITIONS = (
					"DEBUG=1",
					"$(inherited)",
				);
				GCC_WARN_64_TO_32_BIT_CONVERSION = YES;
				GCC_WARN_ABOUT_RETURN_TYPE = YES_ERROR;
				GCC_WARN_UNDECLARED_SELECTOR = YES;
				GCC_WARN_UNINITIALIZED_AUTOS = YES_AGGRESSIVE;
				GCC_WARN_UNUSED_FUNCTION = YES;
				GCC_WARN_UNUSED_VARIABLE = YES;
				IPHONEOS_DEPLOYMENT_TARGET = 17.2;
				LOCALIZATION_PREFERS_STRING_CATALOGS = YES;
				MTL_ENABLE_DEBUG_INFO = INCLUDE_SOURCE;
				MTL_FAST_MATH = YES;
				ONLY_ACTIVE_ARCH = YES;
				SDKROOT = iphoneos;
				SWIFT_ACTIVE_COMPILATION_CONDITIONS = "DEBUG $(inherited)";
				SWIFT_OPTIMIZATION_LEVEL = "-Onone";
			};
			name = Staging;
		};
		96FA701C2B50DA6100CB91B7 /* Staging */ = {
			isa = XCBuildConfiguration;
			buildSettings = {
				ASSETCATALOG_COMPILER_APPICON_NAME = AppIcon;
				ASSETCATALOG_COMPILER_GLOBAL_ACCENT_COLOR_NAME = AccentColor;
				CODE_SIGN_STYLE = Manual;
				CURRENT_PROJECT_VERSION = 1;
				DEBUG_INFORMATION_FORMAT = "dwarf-with-dsym";
				DEVELOPMENT_ASSET_PATHS = "\"iOSAccelerator/Preview Content\"";
				DEVELOPMENT_TEAM = "";
				ENABLE_PREVIEWS = YES;
				GENERATE_INFOPLIST_FILE = YES;
				INFOPLIST_FILE = iOSAccelerator/Info.plist;
				INFOPLIST_KEY_UIApplicationSceneManifest_Generation = YES;
				INFOPLIST_KEY_UIApplicationSupportsIndirectInputEvents = YES;
				INFOPLIST_KEY_UILaunchScreen_Generation = YES;
				INFOPLIST_KEY_UISupportedInterfaceOrientations_iPad = "UIInterfaceOrientationPortrait UIInterfaceOrientationPortraitUpsideDown UIInterfaceOrientationLandscapeLeft UIInterfaceOrientationLandscapeRight";
				INFOPLIST_KEY_UISupportedInterfaceOrientations_iPhone = "UIInterfaceOrientationPortrait UIInterfaceOrientationLandscapeLeft UIInterfaceOrientationLandscapeRight";
				IPHONEOS_DEPLOYMENT_TARGET = 16.6;
				LD_RUNPATH_SEARCH_PATHS = (
					"$(inherited)",
					"@executable_path/Frameworks",
				);
				MARKETING_VERSION = 1.0;
				PRODUCT_BUNDLE_IDENTIFIER = com.mindstix.iOSAccelerator;
				PRODUCT_NAME = "$(TARGET_NAME)";
				PROVISIONING_PROFILE_SPECIFIER = "";
				SWIFT_EMIT_LOC_STRINGS = YES;
				SWIFT_VERSION = 5.0;
				TARGETED_DEVICE_FAMILY = "1,2";
			};
			name = Staging;
		};
		96FA701D2B50DA6100CB91B7 /* Staging */ = {
			isa = XCBuildConfiguration;
			buildSettings = {
				BUNDLE_LOADER = "$(TEST_HOST)";
				CODE_SIGN_STYLE = Automatic;
				CURRENT_PROJECT_VERSION = 1;
				GENERATE_INFOPLIST_FILE = YES;
				IPHONEOS_DEPLOYMENT_TARGET = 17.2;
				MARKETING_VERSION = 1.0;
				PRODUCT_BUNDLE_IDENTIFIER = com.mindstix.iOSAcceleratorTests;
				PRODUCT_NAME = "$(TARGET_NAME)";
				SWIFT_EMIT_LOC_STRINGS = NO;
				SWIFT_VERSION = 5.0;
				TARGETED_DEVICE_FAMILY = "1,2";
				TEST_HOST = "$(BUILT_PRODUCTS_DIR)/iOSAccelerator.app/$(BUNDLE_EXECUTABLE_FOLDER_PATH)/iOSAccelerator";
			};
			name = Staging;
		};
		96FA701E2B50DA6100CB91B7 /* Staging */ = {
			isa = XCBuildConfiguration;
			buildSettings = {
				CODE_SIGN_STYLE = Automatic;
				CURRENT_PROJECT_VERSION = 1;
				GENERATE_INFOPLIST_FILE = YES;
				MARKETING_VERSION = 1.0;
				PRODUCT_BUNDLE_IDENTIFIER = com.mindstix.iOSAcceleratorUITests;
				PRODUCT_NAME = "$(TARGET_NAME)";
				SWIFT_EMIT_LOC_STRINGS = NO;
				SWIFT_VERSION = 5.0;
				TARGETED_DEVICE_FAMILY = "1,2";
				TEST_TARGET_NAME = iOSAccelerator;
			};
			name = Staging;
		};
		96FA70202B50DAFE00CB91B7 /* Production */ = {
			isa = XCBuildConfiguration;
			baseConfigurationReference = 96FA70242B50DB1600CB91B7 /* Production.xcconfig */;
			buildSettings = {
				ALWAYS_SEARCH_USER_PATHS = NO;
				ASSETCATALOG_COMPILER_GENERATE_SWIFT_ASSET_SYMBOL_EXTENSIONS = YES;
				CLANG_ANALYZER_NONNULL = YES;
				CLANG_ANALYZER_NUMBER_OBJECT_CONVERSION = YES_AGGRESSIVE;
				CLANG_CXX_LANGUAGE_STANDARD = "gnu++20";
				CLANG_ENABLE_MODULES = YES;
				CLANG_ENABLE_OBJC_ARC = YES;
				CLANG_ENABLE_OBJC_WEAK = YES;
				CLANG_WARN_BLOCK_CAPTURE_AUTORELEASING = YES;
				CLANG_WARN_BOOL_CONVERSION = YES;
				CLANG_WARN_COMMA = YES;
				CLANG_WARN_CONSTANT_CONVERSION = YES;
				CLANG_WARN_DEPRECATED_OBJC_IMPLEMENTATIONS = YES;
				CLANG_WARN_DIRECT_OBJC_ISA_USAGE = YES_ERROR;
				CLANG_WARN_DOCUMENTATION_COMMENTS = YES;
				CLANG_WARN_EMPTY_BODY = YES;
				CLANG_WARN_ENUM_CONVERSION = YES;
				CLANG_WARN_INFINITE_RECURSION = YES;
				CLANG_WARN_INT_CONVERSION = YES;
				CLANG_WARN_NON_LITERAL_NULL_CONVERSION = YES;
				CLANG_WARN_OBJC_IMPLICIT_RETAIN_SELF = YES;
				CLANG_WARN_OBJC_LITERAL_CONVERSION = YES;
				CLANG_WARN_OBJC_ROOT_CLASS = YES_ERROR;
				CLANG_WARN_QUOTED_INCLUDE_IN_FRAMEWORK_HEADER = YES;
				CLANG_WARN_RANGE_LOOP_ANALYSIS = YES;
				CLANG_WARN_STRICT_PROTOTYPES = YES;
				CLANG_WARN_SUSPICIOUS_MOVE = YES;
				CLANG_WARN_UNGUARDED_AVAILABILITY = YES_AGGRESSIVE;
				CLANG_WARN_UNREACHABLE_CODE = YES;
				CLANG_WARN__DUPLICATE_METHOD_MATCH = YES;
				COPY_PHASE_STRIP = NO;
				DEBUG_INFORMATION_FORMAT = "dwarf-with-dsym";
				ENABLE_NS_ASSERTIONS = NO;
				ENABLE_STRICT_OBJC_MSGSEND = YES;
				ENABLE_USER_SCRIPT_SANDBOXING = YES;
				GCC_C_LANGUAGE_STANDARD = gnu17;
				GCC_NO_COMMON_BLOCKS = YES;
				GCC_WARN_64_TO_32_BIT_CONVERSION = YES;
				GCC_WARN_ABOUT_RETURN_TYPE = YES_ERROR;
				GCC_WARN_UNDECLARED_SELECTOR = YES;
				GCC_WARN_UNINITIALIZED_AUTOS = YES_AGGRESSIVE;
				GCC_WARN_UNUSED_FUNCTION = YES;
				GCC_WARN_UNUSED_VARIABLE = YES;
				IPHONEOS_DEPLOYMENT_TARGET = 17.2;
				LOCALIZATION_PREFERS_STRING_CATALOGS = YES;
				MTL_ENABLE_DEBUG_INFO = NO;
				MTL_FAST_MATH = YES;
				SDKROOT = iphoneos;
				SWIFT_COMPILATION_MODE = wholemodule;
				VALIDATE_PRODUCT = YES;
			};
			name = Production;
		};
		96FA70212B50DAFE00CB91B7 /* Production */ = {
			isa = XCBuildConfiguration;
			buildSettings = {
				ASSETCATALOG_COMPILER_APPICON_NAME = AppIcon;
				ASSETCATALOG_COMPILER_GLOBAL_ACCENT_COLOR_NAME = AccentColor;
				CODE_SIGN_STYLE = Manual;
				CURRENT_PROJECT_VERSION = 1;
				DEVELOPMENT_ASSET_PATHS = "\"iOSAccelerator/Preview Content\"";
				DEVELOPMENT_TEAM = "";
				ENABLE_PREVIEWS = YES;
				GENERATE_INFOPLIST_FILE = YES;
				INFOPLIST_FILE = iOSAccelerator/Info.plist;
				INFOPLIST_KEY_UIApplicationSceneManifest_Generation = YES;
				INFOPLIST_KEY_UIApplicationSupportsIndirectInputEvents = YES;
				INFOPLIST_KEY_UILaunchScreen_Generation = YES;
				INFOPLIST_KEY_UISupportedInterfaceOrientations_iPad = "UIInterfaceOrientationPortrait UIInterfaceOrientationPortraitUpsideDown UIInterfaceOrientationLandscapeLeft UIInterfaceOrientationLandscapeRight";
				INFOPLIST_KEY_UISupportedInterfaceOrientations_iPhone = "UIInterfaceOrientationPortrait UIInterfaceOrientationLandscapeLeft UIInterfaceOrientationLandscapeRight";
				IPHONEOS_DEPLOYMENT_TARGET = 16.6;
				LD_RUNPATH_SEARCH_PATHS = (
					"$(inherited)",
					"@executable_path/Frameworks",
				);
				MARKETING_VERSION = 1.0;
				PRODUCT_BUNDLE_IDENTIFIER = com.mindstix.iOSAccelerator;
				PRODUCT_NAME = "$(TARGET_NAME)";
				PROVISIONING_PROFILE_SPECIFIER = "";
				SWIFT_EMIT_LOC_STRINGS = YES;
				SWIFT_VERSION = 5.0;
				TARGETED_DEVICE_FAMILY = "1,2";
			};
			name = Production;
		};
		96FA70222B50DAFE00CB91B7 /* Production */ = {
			isa = XCBuildConfiguration;
			buildSettings = {
				BUNDLE_LOADER = "$(TEST_HOST)";
				CODE_SIGN_STYLE = Automatic;
				CURRENT_PROJECT_VERSION = 1;
				GENERATE_INFOPLIST_FILE = YES;
				IPHONEOS_DEPLOYMENT_TARGET = 17.2;
				MARKETING_VERSION = 1.0;
				PRODUCT_BUNDLE_IDENTIFIER = com.mindstix.iOSAcceleratorTests;
				PRODUCT_NAME = "$(TARGET_NAME)";
				SWIFT_EMIT_LOC_STRINGS = NO;
				SWIFT_VERSION = 5.0;
				TARGETED_DEVICE_FAMILY = "1,2";
				TEST_HOST = "$(BUILT_PRODUCTS_DIR)/iOSAccelerator.app/$(BUNDLE_EXECUTABLE_FOLDER_PATH)/iOSAccelerator";
			};
			name = Production;
		};
		96FA70232B50DAFE00CB91B7 /* Production */ = {
			isa = XCBuildConfiguration;
			buildSettings = {
				CODE_SIGN_STYLE = Automatic;
				CURRENT_PROJECT_VERSION = 1;
				GENERATE_INFOPLIST_FILE = YES;
				MARKETING_VERSION = 1.0;
				PRODUCT_BUNDLE_IDENTIFIER = com.mindstix.iOSAcceleratorUITests;
				PRODUCT_NAME = "$(TARGET_NAME)";
				SWIFT_EMIT_LOC_STRINGS = NO;
				SWIFT_VERSION = 5.0;
				TARGETED_DEVICE_FAMILY = "1,2";
				TEST_TARGET_NAME = iOSAccelerator;
			};
			name = Production;
		};
/* End XCBuildConfiguration section */

/* Begin XCConfigurationList section */
		96FA6FBF2B4D2C9800CB91B7 /* Build configuration list for PBXProject "iOSAccelerator" */ = {
			isa = XCConfigurationList;
			buildConfigurations = (
				96FA6FE62B4D2C9B00CB91B7 /* Debug */,
				96FA701B2B50DA6100CB91B7 /* Staging */,
				96FA6FE72B4D2C9B00CB91B7 /* Release */,
				96FA70202B50DAFE00CB91B7 /* Production */,
			);
			defaultConfigurationIsVisible = 0;
			defaultConfigurationName = Release;
		};
		96FA6FE82B4D2C9B00CB91B7 /* Build configuration list for PBXNativeTarget "iOSAccelerator" */ = {
			isa = XCConfigurationList;
			buildConfigurations = (
				96FA6FE92B4D2C9B00CB91B7 /* Debug */,
				96FA701C2B50DA6100CB91B7 /* Staging */,
				96FA6FEA2B4D2C9B00CB91B7 /* Release */,
				96FA70212B50DAFE00CB91B7 /* Production */,
			);
			defaultConfigurationIsVisible = 0;
			defaultConfigurationName = Release;
		};
		96FA6FEB2B4D2C9B00CB91B7 /* Build configuration list for PBXNativeTarget "iOSAcceleratorTests" */ = {
			isa = XCConfigurationList;
			buildConfigurations = (
				96FA6FEC2B4D2C9B00CB91B7 /* Debug */,
				96FA701D2B50DA6100CB91B7 /* Staging */,
				96FA6FED2B4D2C9B00CB91B7 /* Release */,
				96FA70222B50DAFE00CB91B7 /* Production */,
			);
			defaultConfigurationIsVisible = 0;
			defaultConfigurationName = Release;
		};
		96FA6FEE2B4D2C9B00CB91B7 /* Build configuration list for PBXNativeTarget "iOSAcceleratorUITests" */ = {
			isa = XCConfigurationList;
			buildConfigurations = (
				96FA6FEF2B4D2C9B00CB91B7 /* Debug */,
				96FA701E2B50DA6100CB91B7 /* Staging */,
				96FA6FF02B4D2C9B00CB91B7 /* Release */,
				96FA70232B50DAFE00CB91B7 /* Production */,
			);
			defaultConfigurationIsVisible = 0;
			defaultConfigurationName = Release;
		};
/* End XCConfigurationList section */
	};
	rootObject = 96FA6FBC2B4D2C9800CB91B7 /* Project object */;
}
